
Microsoft Visual Studio Solution File, Format Version 12.00
# Visual Studio 15
VisualStudioVersion = 15.0.28307.705
MinimumVisualStudioVersion = 10.0.40219.1
Project("{FAE04EC0-301F-11D3-BF4B-00C04F79EFBC}") = "TestScriptTask", "TestScriptTask\TestScriptTask.csproj", "{168FA935-E496-4209-B0AF-6D267C077096}"
EndProject
Global
	GlobalSection(SolutionConfigurationPlatforms) = preSolution
		Debug|Any CPU = Debug|Any CPU
		Release|Any CPU = Release|Any CPU
	EndGlobalSection
	GlobalSection(ProjectConfigurationPlatforms) = postSolution
		{168FA935-E496-4209-B0AF-6D267C077096}.Debug|Any CPU.ActiveCfg = Debug|Any CPU
		{168FA935-E496-4209-B0AF-6D267C077096}.Debug|Any CPU.Build.0 = Debug|Any CPU
		{168FA935-E496-4209-B0AF-6D267C077096}.Release|Any CPU.ActiveCfg = Release|Any CPU
		{168FA935-E496-4209-B0AF-6D267C077096}.Release|Any CPU.Build.0 = Release|Any CPU
	EndGlobalSection
	GlobalSection(SolutionProperties) = preSolution
		HideSolutionNode = FALSE
	EndGlobalSection
	GlobalSection(ExtensibilityGlobals) = postSolution
		SolutionGuid = {E0D24F3D-8534-4B44-B9D2-8D85F85429D4}
	EndGlobalSection
EndGlobal
